
Microsoft Visual Studio Solution File, Format Version 12.00
# Visual Studio Version 17
VisualStudioVersion = 17.6.33927.249
MinimumVisualStudioVersion = 10.0.40219.1
Project("{FAE04EC0-301F-11D3-BF4B-00C04F79EFBC}") = "Async_Await_Sample", "Async_Await_Sample\Async_Await_Sample.csproj", "{8CC33493-DC4D-4C41-A875-687F13CA015E}"
EndProject
Global
	GlobalSection(SolutionConfigurationPlatforms) = preSolution
		Debug|Any CPU = Debug|Any CPU
		Release|Any CPU = Release|Any CPU
	EndGlobalSection
	GlobalSection(ProjectConfigurationPlatforms) = postSolution
		{8CC33493-DC4D-4C41-A875-687F13CA015E}.Debug|Any CPU.ActiveCfg = Debug|Any CPU
		{8CC33493-DC4D-4C41-A875-687F13CA015E}.Debug|Any CPU.Build.0 = Debug|Any CPU
		{8CC33493-DC4D-4C41-A875-687F13CA015E}.Release|Any CPU.ActiveCfg = Release|Any CPU
		{8CC33493-DC4D-4C41-A875-687F13CA015E}.Release|Any CPU.Build.0 = Release|Any CPU
	EndGlobalSection
	GlobalSection(SolutionProperties) = preSolution
		HideSolutionNode = FALSE
	EndGlobalSection
	GlobalSection(ExtensibilityGlobals) = postSolution
		SolutionGuid = {52CBE780-1AE1-4152-AA55-A7EA39094270}
	EndGlobalSection
EndGlobal
